
Microsoft Visual Studio Solution File, Format Version 12.00
# Visual Studio 2013
VisualStudioVersion = 12.0.31101.0
MinimumVisualStudioVersion = 10.0.40219.1
Project("{FAE04EC0-301F-11D3-BF4B-00C04F79EFBC}") = "3-DIContainer", "DIContainer\3-DIContainer.csproj", "{E9830195-3FFF-4DC3-993D-AAE4A8CA3804}"
EndProject
Project("{FAE04EC0-301F-11D3-BF4B-00C04F79EFBC}") = "1-FluentApi", "FluentApi\1-FluentApi.csproj", "{EFA9335C-411B-4597-B0B6-5438D1AE04C3}"
EndProject
Project("{FAE04EC0-301F-11D3-BF4B-00C04F79EFBC}") = "2-PerfLogger", "PerfLogger\2-PerfLogger.csproj", "{F5FA2448-E917-471F-ACBE-8C0581B9432A}"
EndProject
Project("{FAE04EC0-301F-11D3-BF4B-00C04F79EFBC}") = "4-ConwaysGameOfLife", "ConwaysGameOfLife\4-ConwaysGameOfLife.csproj", "{ACBC03B3-A778-4F66-9D6D-43C77D64CC23}"
EndProject
Global
	GlobalSection(SolutionConfigurationPlatforms) = preSolution
		Debug|Any CPU = Debug|Any CPU
		Release|Any CPU = Release|Any CPU
	EndGlobalSection
	GlobalSection(ProjectConfigurationPlatforms) = postSolution
		{E9830195-3FFF-4DC3-993D-AAE4A8CA3804}.Debug|Any CPU.ActiveCfg = Debug|Any CPU
		{E9830195-3FFF-4DC3-993D-AAE4A8CA3804}.Debug|Any CPU.Build.0 = Debug|Any CPU
		{E9830195-3FFF-4DC3-993D-AAE4A8CA3804}.Release|Any CPU.ActiveCfg = Release|Any CPU
		{E9830195-3FFF-4DC3-993D-AAE4A8CA3804}.Release|Any CPU.Build.0 = Release|Any CPU
		{EFA9335C-411B-4597-B0B6-5438D1AE04C3}.Debug|Any CPU.ActiveCfg = Debug|Any CPU
		{EFA9335C-411B-4597-B0B6-5438D1AE04C3}.Debug|Any CPU.Build.0 = Debug|Any CPU
		{EFA9335C-411B-4597-B0B6-5438D1AE04C3}.Release|Any CPU.ActiveCfg = Release|Any CPU
		{EFA9335C-411B-4597-B0B6-5438D1AE04C3}.Release|Any CPU.Build.0 = Release|Any CPU
		{F5FA2448-E917-471F-ACBE-8C0581B9432A}.Debug|Any CPU.ActiveCfg = Debug|Any CPU
		{F5FA2448-E917-471F-ACBE-8C0581B9432A}.Debug|Any CPU.Build.0 = Debug|Any CPU
		{F5FA2448-E917-471F-ACBE-8C0581B9432A}.Release|Any CPU.ActiveCfg = Release|Any CPU
		{F5FA2448-E917-471F-ACBE-8C0581B9432A}.Release|Any CPU.Build.0 = Release|Any CPU
		{ACBC03B3-A778-4F66-9D6D-43C77D64CC23}.Debug|Any CPU.ActiveCfg = Debug|Any CPU
		{ACBC03B3-A778-4F66-9D6D-43C77D64CC23}.Debug|Any CPU.Build.0 = Debug|Any CPU
		{ACBC03B3-A778-4F66-9D6D-43C77D64CC23}.Release|Any CPU.ActiveCfg = Release|Any CPU
		{ACBC03B3-A778-4F66-9D6D-43C77D64CC23}.Release|Any CPU.Build.0 = Release|Any CPU
	EndGlobalSection
	GlobalSection(SolutionProperties) = preSolution
		HideSolutionNode = FALSE
	EndGlobalSection
EndGlobal
