
Microsoft Visual Studio Solution File, Format Version 12.00
# Visual Studio 14
VisualStudioVersion = 14.0.23107.0
MinimumVisualStudioVersion = 10.0.40219.1
Project("{FAE04EC0-301F-11D3-BF4B-00C04F79EFBC}") = "CleanCode", "CleanCode\CleanCode.csproj", "{B5BE8C34-C38B-477A-A095-904B4BBC3F6C}"
EndProject
Project("{FAE04EC0-301F-11D3-BF4B-00C04F79EFBC}") = "Patterns", "Patterns\Patterns.csproj", "{E7A56C48-8E36-465B-9F8E-67BC8525CFE5}"
EndProject
Project("{FAE04EC0-301F-11D3-BF4B-00C04F79EFBC}") = "Challenge", "Challenge\Challenge.csproj", "{02DDE0D7-AC43-4718-9396-1BA68EA42C63}"
EndProject
Global
	GlobalSection(SolutionConfigurationPlatforms) = preSolution
		Debug|Any CPU = Debug|Any CPU
		Debug|Mixed Platforms = Debug|Mixed Platforms
		Debug|x86 = Debug|x86
		Release|Any CPU = Release|Any CPU
		Release|Mixed Platforms = Release|Mixed Platforms
		Release|x86 = Release|x86
	EndGlobalSection
	GlobalSection(ProjectConfigurationPlatforms) = postSolution
		{B5BE8C34-C38B-477A-A095-904B4BBC3F6C}.Debug|Any CPU.ActiveCfg = Debug|x86
		{B5BE8C34-C38B-477A-A095-904B4BBC3F6C}.Debug|Mixed Platforms.ActiveCfg = Debug|x86
		{B5BE8C34-C38B-477A-A095-904B4BBC3F6C}.Debug|Mixed Platforms.Build.0 = Debug|x86
		{B5BE8C34-C38B-477A-A095-904B4BBC3F6C}.Debug|x86.ActiveCfg = Debug|x86
		{B5BE8C34-C38B-477A-A095-904B4BBC3F6C}.Debug|x86.Build.0 = Debug|x86
		{B5BE8C34-C38B-477A-A095-904B4BBC3F6C}.Release|Any CPU.ActiveCfg = Release|x86
		{B5BE8C34-C38B-477A-A095-904B4BBC3F6C}.Release|Mixed Platforms.ActiveCfg = Release|x86
		{B5BE8C34-C38B-477A-A095-904B4BBC3F6C}.Release|Mixed Platforms.Build.0 = Release|x86
		{B5BE8C34-C38B-477A-A095-904B4BBC3F6C}.Release|x86.ActiveCfg = Release|x86
		{B5BE8C34-C38B-477A-A095-904B4BBC3F6C}.Release|x86.Build.0 = Release|x86
		{E7A56C48-8E36-465B-9F8E-67BC8525CFE5}.Debug|Any CPU.ActiveCfg = Debug|Any CPU
		{E7A56C48-8E36-465B-9F8E-67BC8525CFE5}.Debug|Any CPU.Build.0 = Debug|Any CPU
		{E7A56C48-8E36-465B-9F8E-67BC8525CFE5}.Debug|Mixed Platforms.ActiveCfg = Debug|Any CPU
		{E7A56C48-8E36-465B-9F8E-67BC8525CFE5}.Debug|Mixed Platforms.Build.0 = Debug|Any CPU
		{E7A56C48-8E36-465B-9F8E-67BC8525CFE5}.Debug|x86.ActiveCfg = Debug|Any CPU
		{E7A56C48-8E36-465B-9F8E-67BC8525CFE5}.Debug|x86.Build.0 = Debug|Any CPU
		{E7A56C48-8E36-465B-9F8E-67BC8525CFE5}.Release|Any CPU.ActiveCfg = Release|Any CPU
		{E7A56C48-8E36-465B-9F8E-67BC8525CFE5}.Release|Any CPU.Build.0 = Release|Any CPU
		{E7A56C48-8E36-465B-9F8E-67BC8525CFE5}.Release|Mixed Platforms.ActiveCfg = Release|Any CPU
		{E7A56C48-8E36-465B-9F8E-67BC8525CFE5}.Release|Mixed Platforms.Build.0 = Release|Any CPU
		{E7A56C48-8E36-465B-9F8E-67BC8525CFE5}.Release|x86.ActiveCfg = Release|Any CPU
		{E7A56C48-8E36-465B-9F8E-67BC8525CFE5}.Release|x86.Build.0 = Release|Any CPU
		{02DDE0D7-AC43-4718-9396-1BA68EA42C63}.Debug|Any CPU.ActiveCfg = Debug|Any CPU
		{02DDE0D7-AC43-4718-9396-1BA68EA42C63}.Debug|Any CPU.Build.0 = Debug|Any CPU
		{02DDE0D7-AC43-4718-9396-1BA68EA42C63}.Debug|Mixed Platforms.ActiveCfg = Debug|Any CPU
		{02DDE0D7-AC43-4718-9396-1BA68EA42C63}.Debug|Mixed Platforms.Build.0 = Debug|Any CPU
		{02DDE0D7-AC43-4718-9396-1BA68EA42C63}.Debug|x86.ActiveCfg = Debug|Any CPU
		{02DDE0D7-AC43-4718-9396-1BA68EA42C63}.Debug|x86.Build.0 = Debug|Any CPU
		{02DDE0D7-AC43-4718-9396-1BA68EA42C63}.Release|Any CPU.ActiveCfg = Release|Any CPU
		{02DDE0D7-AC43-4718-9396-1BA68EA42C63}.Release|Any CPU.Build.0 = Release|Any CPU
		{02DDE0D7-AC43-4718-9396-1BA68EA42C63}.Release|Mixed Platforms.ActiveCfg = Release|Any CPU
		{02DDE0D7-AC43-4718-9396-1BA68EA42C63}.Release|Mixed Platforms.Build.0 = Release|Any CPU
		{02DDE0D7-AC43-4718-9396-1BA68EA42C63}.Release|x86.ActiveCfg = Release|Any CPU
		{02DDE0D7-AC43-4718-9396-1BA68EA42C63}.Release|x86.Build.0 = Release|Any CPU
	EndGlobalSection
	GlobalSection(SolutionProperties) = preSolution
		HideSolutionNode = FALSE
	EndGlobalSection
EndGlobal
